
Microsoft Visual Studio Solution File, Format Version 12.00
# Visual Studio Version 17
VisualStudioVersion = 17.4.33213.308
MinimumVisualStudioVersion = 10.0.40219.1
Project("{FAE04EC0-301F-11D3-BF4B-00C04F79EFBC}") = "Ödev 1", "Ödev 1\Ödev 1.csproj", "{AC762ABD-5759-4DE4-A1BB-6F8855CC6C79}"
EndProject
Project("{FAE04EC0-301F-11D3-BF4B-00C04F79EFBC}") = "Ödev 2", "Ödev 2\Ödev 2.csproj", "{D03FD704-75E5-434B-8190-0DD2B7C20AE8}"
EndProject
Global
	GlobalSection(SolutionConfigurationPlatforms) = preSolution
		Debug|Any CPU = Debug|Any CPU
		Release|Any CPU = Release|Any CPU
	EndGlobalSection
	GlobalSection(ProjectConfigurationPlatforms) = postSolution
		{AC762ABD-5759-4DE4-A1BB-6F8855CC6C79}.Debug|Any CPU.ActiveCfg = Debug|Any CPU
		{AC762ABD-5759-4DE4-A1BB-6F8855CC6C79}.Debug|Any CPU.Build.0 = Debug|Any CPU
		{AC762ABD-5759-4DE4-A1BB-6F8855CC6C79}.Release|Any CPU.ActiveCfg = Release|Any CPU
		{AC762ABD-5759-4DE4-A1BB-6F8855CC6C79}.Release|Any CPU.Build.0 = Release|Any CPU
		{D03FD704-75E5-434B-8190-0DD2B7C20AE8}.Debug|Any CPU.ActiveCfg = Debug|Any CPU
		{D03FD704-75E5-434B-8190-0DD2B7C20AE8}.Debug|Any CPU.Build.0 = Debug|Any CPU
		{D03FD704-75E5-434B-8190-0DD2B7C20AE8}.Release|Any CPU.ActiveCfg = Release|Any CPU
		{D03FD704-75E5-434B-8190-0DD2B7C20AE8}.Release|Any CPU.Build.0 = Release|Any CPU
	EndGlobalSection
	GlobalSection(SolutionProperties) = preSolution
		HideSolutionNode = FALSE
	EndGlobalSection
	GlobalSection(ExtensibilityGlobals) = postSolution
		SolutionGuid = {D65223A5-5DC1-494C-8B81-DAF63291D365}
	EndGlobalSection
EndGlobal
